
Microsoft Visual Studio Solution File, Format Version 12.00
# Visual Studio Version 16
VisualStudioVersion = 16.0.29102.190
MinimumVisualStudioVersion = 10.0.40219.1
Project("{FAE04EC0-301F-11D3-BF4B-00C04F79EFBC}") = "FunctionAnalyzer", "FunctionAnalyzer\FunctionAnalyzer\FunctionAnalyzer.csproj", "{614EF98D-8A98-4F8A-8C7A-79121F37C9C8}"
EndProject
Project("{FAE04EC0-301F-11D3-BF4B-00C04F79EFBC}") = "FunctionAnalyzer.Test", "FunctionAnalyzer\FunctionAnalyzer.Test\FunctionAnalyzer.Test.csproj", "{A24613A4-0D3D-45EE-BE4E-606C5849658F}"
EndProject
Project("{FAE04EC0-301F-11D3-BF4B-00C04F79EFBC}") = "FunctionAnalyzer.Vsix", "FunctionAnalyzer\FunctionAnalyzer.Vsix\FunctionAnalyzer.Vsix.csproj", "{9477DECE-97C3-44FD-8C57-FCB35C52928A}"
EndProject
Global
	GlobalSection(SolutionConfigurationPlatforms) = preSolution
		Debug|Any CPU = Debug|Any CPU
		Release|Any CPU = Release|Any CPU
	EndGlobalSection
	GlobalSection(ProjectConfigurationPlatforms) = postSolution
		{614EF98D-8A98-4F8A-8C7A-79121F37C9C8}.Debug|Any CPU.ActiveCfg = Debug|Any CPU
		{614EF98D-8A98-4F8A-8C7A-79121F37C9C8}.Debug|Any CPU.Build.0 = Debug|Any CPU
		{614EF98D-8A98-4F8A-8C7A-79121F37C9C8}.Release|Any CPU.ActiveCfg = Release|Any CPU
		{614EF98D-8A98-4F8A-8C7A-79121F37C9C8}.Release|Any CPU.Build.0 = Release|Any CPU
		{A24613A4-0D3D-45EE-BE4E-606C5849658F}.Debug|Any CPU.ActiveCfg = Debug|Any CPU
		{A24613A4-0D3D-45EE-BE4E-606C5849658F}.Debug|Any CPU.Build.0 = Debug|Any CPU
		{A24613A4-0D3D-45EE-BE4E-606C5849658F}.Release|Any CPU.ActiveCfg = Release|Any CPU
		{A24613A4-0D3D-45EE-BE4E-606C5849658F}.Release|Any CPU.Build.0 = Release|Any CPU
		{9477DECE-97C3-44FD-8C57-FCB35C52928A}.Debug|Any CPU.ActiveCfg = Debug|Any CPU
		{9477DECE-97C3-44FD-8C57-FCB35C52928A}.Debug|Any CPU.Build.0 = Debug|Any CPU
		{9477DECE-97C3-44FD-8C57-FCB35C52928A}.Release|Any CPU.ActiveCfg = Release|Any CPU
		{9477DECE-97C3-44FD-8C57-FCB35C52928A}.Release|Any CPU.Build.0 = Release|Any CPU
	EndGlobalSection
	GlobalSection(SolutionProperties) = preSolution
		HideSolutionNode = FALSE
	EndGlobalSection
	GlobalSection(ExtensibilityGlobals) = postSolution
		SolutionGuid = {C53F8D60-AFC0-48F1-8FA2-B3F96E1BABD2}
	EndGlobalSection
EndGlobal
